// !$*UTF8*$!
{
	archiveVersion = 1;
	classes = {
	};
	objectVersion = 46;
	objects = {

/* Begin PBXBuildFile section */
		8224BF291F22F8C200D147DF /* AppDelegate.swift in Sources */ = {isa = PBXBuildFile; fileRef = 8224BF281F22F8C200D147DF /* AppDelegate.swift */; };
		8224BF2B1F22F8C200D147DF /* ViewController.swift in Sources */ = {isa = PBXBuildFile; fileRef = 8224BF2A1F22F8C200D147DF /* ViewController.swift */; };
		8224BF2E1F22F8C200D147DF /* Main.storyboard in Resources */ = {isa = PBXBuildFile; fileRef = 8224BF2C1F22F8C200D147DF /* Main.storyboard */; };
		8224BF301F22F8C200D147DF /* Assets.xcassets in Resources */ = {isa = PBXBuildFile; fileRef = 8224BF2F1F22F8C200D147DF /* Assets.xcassets */; };
		8224BF331F22F8C200D147DF /* LaunchScreen.storyboard in Resources */ = {isa = PBXBuildFile; fileRef = 8224BF311F22F8C200D147DF /* LaunchScreen.storyboard */; };
		8224BF3B1F22F95000D147DF /* NumberTableViewController.swift in Sources */ = {isa = PBXBuildFile; fileRef = 8224BF3A1F22F95000D147DF /* NumberTableViewController.swift */; };
/* End PBXBuildFile section */

/* Begin PBXFileReference section */
		8224BF251F22F8C200D147DF /* UISearchController-22-07-2017.app */ = {isa = PBXFileReference; explicitFileType = wrapper.application; includeInIndex = 0; path = "UISearchController-22-07-2017.app"; sourceTree = BUILT_PRODUCTS_DIR; };
		8224BF281F22F8C200D147DF /* AppDelegate.swift */ = {isa = PBXFileReference; lastKnownFileType = sourcecode.swift; path = AppDelegate.swift; sourceTree = "<group>"; };
		8224BF2A1F22F8C200D147DF /* ViewController.swift */ = {isa = PBXFileReference; lastKnownFileType = sourcecode.swift; path = ViewController.swift; sourceTree = "<group>"; };
		8224BF2D1F22F8C200D147DF /* Base */ = {isa = PBXFileReference; lastKnownFileType = file.storyboard; name = Base; path = Base.lproj/Main.storyboard; sourceTree = "<group>"; };
		8224BF2F1F22F8C200D147DF /* Assets.xcassets */ = {isa = PBXFileReference; lastKnownFileType = folder.assetcatalog; path = Assets.xcassets; sourceTree = "<group>"; };
		8224BF321F22F8C200D147DF /* Base */ = {isa = PBXFileReference; lastKnownFileType = file.storyboard; name = Base; path = Base.lproj/LaunchScreen.storyboard; sourceTree = "<group>"; };
		8224BF341F22F8C200D147DF /* Info.plist */ = {isa = PBXFileReference; lastKnownFileType = text.plist.xml; path = Info.plist; sourceTree = "<group>"; };
		8224BF3A1F22F95000D147DF /* NumberTableViewController.swift */ = {isa = PBXFileReference; fileEncoding = 4; lastKnownFileType = sourcecode.swift; path = NumberTableViewController.swift; sourceTree = "<group>"; };
/* End PBXFileReference section */

/* Begin PBXFrameworksBuildPhase section */
		8224BF221F22F8C200D147DF /* Frameworks */ = {
			isa = PBXFrameworksBuildPhase;
			buildActionMask = 2147483647;
			files = (
			);
			runOnlyForDeploymentPostprocessing = 0;
		};
/* End PBXFrameworksBuildPhase section */

/* Begin PBXGroup section */
		8224BF1C1F22F8C200D147DF = {
			isa = PBXGroup;
			children = (
				8224BF271F22F8C200D147DF /* UISearchController-22-07-2017 */,
				8224BF261F22F8C200D147DF /* Products */,
			);
			sourceTree = "<group>";
		};
		8224BF261F22F8C200D147DF /* Products */ = {
			isa = PBXGroup;
			children = (
				8224BF251F22F8C200D147DF /* UISearchController-22-07-2017.app */,
			);
			name = Products;
			sourceTree = "<group>";
		};
		8224BF271F22F8C200D147DF /* UISearchController-22-07-2017 */ = {
			isa = PBXGroup;
			children = (
				8224BF281F22F8C200D147DF /* AppDelegate.swift */,
				8224BF2A1F22F8C200D147DF /* ViewController.swift */,
				8224BF2C1F22F8C200D147DF /* Main.storyboard */,
				8224BF2F1F22F8C200D147DF /* Assets.xcassets */,
				8224BF311F22F8C200D147DF /* LaunchScreen.storyboard */,
				8224BF341F22F8C200D147DF /* Info.plist */,
				8224BF3A1F22F95000D147DF /* NumberTableViewController.swift */,
			);
			path = "UISearchController-22-07-2017";
			sourceTree = "<group>";
		};
/* End PBXGroup section */

/* Begin PBXNativeTarget section */
		8224BF241F22F8C200D147DF /* UISearchController-22-07-2017 */ = {
			isa = PBXNativeTarget;
			buildConfigurationList = 8224BF371F22F8C200D147DF /* Build configuration list for PBXNativeTarget "UISearchController-22-07-2017" */;
			buildPhases = (
				8224BF211F22F8C200D147DF /* Sources */,
				8224BF221F22F8C200D147DF /* Frameworks */,
				8224BF231F22F8C200D147DF /* Resources */,
			);
			buildRules = (
			);
			dependencies = (
			);
			name = "UISearchController-22-07-2017";
			productName = "UISearchController-22-07-2017";
			productReference = 8224BF251F22F8C200D147DF /* UISearchController-22-07-2017.app */;
			productType = "com.apple.product-type.application";
		};
/* End PBXNativeTarget section */

/* Begin PBXProject section */
		8224BF1D1F22F8C200D147DF /* Project object */ = {
			isa = PBXProject;
			attributes = {
				LastSwiftUpdateCheck = 0820;
				LastUpgradeCheck = 0820;
				ORGANIZATIONNAME = "Soeng Saravit";
				TargetAttributes = {
					8224BF241F22F8C200D147DF = {
						CreatedOnToolsVersion = 8.2.1;
						DevelopmentTeam = TKR2QX32K8;
						ProvisioningStyle = Automatic;
					};
				};
			};
			buildConfigurationList = 8224BF201F22F8C200D147DF /* Build configuration list for PBXProject "UISearchController-22-07-2017" */;
			compatibilityVersion = "Xcode 3.2";
			developmentRegion = English;
			hasScannedForEncodings = 0;
			knownRegions = (
				en,
				Base,
			);
			mainGroup = 8224BF1C1F22F8C200D147DF;
			productRefGroup = 8224BF261F22F8C200D147DF /* Products */;
			projectDirPath = "";
			projectRoot = "";
			targets = (
				8224BF241F22F8C200D147DF /* UISearchController-22-07-2017 */,
			);
		};
/* End PBXProject section */

/* Begin PBXResourcesBuildPhase section */
		8224BF231F22F8C200D147DF /* Resources */ = {
			isa = PBXResourcesBuildPhase;
			buildActionMask = 2147483647;
			files = (
				8224BF331F22F8C200D147DF /* LaunchScreen.storyboard in Resources */,
				8224BF301F22F8C200D147DF /* Assets.xcassets in Resources */,
				8224BF2E1F22F8C200D147DF /* Main.storyboard in Resources */,
			);
			runOnlyForDeploymentPostprocessing = 0;
		};
/* End PBXResourcesBuildPhase section */

/* Begin PBXSourcesBuildPhase section */
		8224BF211F22F8C200D147DF /* Sources */ = {
			isa = PBXSourcesBuildPhase;
			buildActionMask = 2147483647;
			files = (
				8224BF3B1F22F95000D147DF /* NumberTableViewController.swift in Sources */,
				8224BF2B1F22F8C200D147DF /* ViewController.swift in Sources */,
				8224BF291F22F8C200D147DF /* AppDelegate.swift in Sources */,
			);
			runOnlyForDeploymentPostprocessing = 0;
		};
/* End PBXSourcesBuildPhase section */

/* Begin PBXVariantGroup section */
		8224BF2C1F22F8C200D147DF /* Main.storyboard */ = {
			isa = PBXVariantGroup;
			children = (
				8224BF2D1F22F8C200D147DF /* Base */,
			);
			name = Main.storyboard;
			sourceTree = "<group>";
		};
		8224BF311F22F8C200D147DF /* LaunchScreen.storyboard */ = {
			isa = PBXVariantGroup;
			children = (
				8224BF321F22F8C200D147DF /* Base */,
			);
			name = LaunchScreen.storyboard;
			sourceTree = "<group>";
		};
/* End PBXVariantGroup section */

/* Begin XCBuildConfiguration section */
		8224BF351F22F8C200D147DF /* Debug */ = {
			isa = XCBuildConfiguration;
			buildSettings = {
				ALWAYS_SEARCH_USER_PATHS = NO;
				CLANG_ANALYZER_NONNULL = YES;
				CLANG_CXX_LANGUAGE_STANDARD = "gnu++0x";
				CLANG_CXX_LIBRARY = "libc++";
				CLANG_ENABLE_MODULES = YES;
				CLANG_ENABLE_OBJC_ARC = YES;
				CLANG_WARN_BOOL_CONVERSION = YES;
				CLANG_WARN_CONSTANT_CONVERSION = YES;
				CLANG_WARN_DIRECT_OBJC_ISA_USAGE = YES_ERROR;
				CLANG_WARN_DOCUMENTATION_COMMENTS = YES;
				CLANG_WARN_EMPTY_BODY = YES;
				CLANG_WARN_ENUM_CONVERSION = YES;
				CLANG_WARN_INFINITE_RECURSION = YES;
				CLANG_WARN_INT_CONVERSION = YES;
				CLANG_WARN_OBJC_ROOT_CLASS = YES_ERROR;
				CLANG_WARN_SUSPICIOUS_MOVE = YES;
				CLANG_WARN_UNREACHABLE_CODE = YES;
				CLANG_WARN__DUPLICATE_METHOD_MATCH = YES;
				"CODE_SIGN_IDENTITY[sdk=iphoneos*]" = "iPhone Developer";
				COPY_PHASE_STRIP = NO;
				DEBUG_INFORMATION_FORMAT = dwarf;
				ENABLE_STRICT_OBJC_MSGSEND = YES;
				ENABLE_TESTABILITY = YES;
				GCC_C_LANGUAGE_STANDARD = gnu99;
				GCC_DYNAMIC_NO_PIC = NO;
				GCC_NO_COMMON_BLOCKS = YES;
				GCC_OPTIMIZATION_LEVEL = 0;
				GCC_PREPROCESSOR_DEFINITIONS = (
					"DEBUG=1",
					"$(inherited)",
				);
				GCC_WARN_64_TO_32_BIT_CONVERSION = YES;
				GCC_WARN_ABOUT_RETURN_TYPE = YES_ERROR;
				GCC_WARN_UNDECLARED_SELECTOR = YES;
				GCC_WARN_UNINITIALIZED_AUTOS = YES_AGGRESSIVE;
				GCC_WARN_UNUSED_FUNCTION = YES;
				GCC_WARN_UNUSED_VARIABLE = YES;
				IPHONEOS_DEPLOYMENT_TARGET = 10.2;
				MTL_ENABLE_DEBUG_INFO = YES;
				ONLY_ACTIVE_ARCH = YES;
				SDKROOT = iphoneos;
				SWIFT_ACTIVE_COMPILATION_CONDITIONS = DEBUG;
				SWIFT_OPTIMIZATION_LEVEL = "-Onone";
			};
			name = Debug;
		};
		8224BF361F22F8C200D147DF /* Release */ = {
			isa = XCBuildConfiguration;
			buildSettings = {
				ALWAYS_SEARCH_USER_PATHS = NO;
				CLANG_ANALYZER_NONNULL = YES;
				CLANG_CXX_LANGUAGE_STANDARD = "gnu++0x";
				CLANG_CXX_LIBRARY = "libc++";
				CLANG_ENABLE_MODULES = YES;
				CLANG_ENABLE_OBJC_ARC = YES;
				CLANG_WARN_BOOL_CONVERSION = YES;
				CLANG_WARN_CONSTANT_CONVERSION = YES;
				CLANG_WARN_DIRECT_OBJC_ISA_USAGE = YES_ERROR;
				CLANG_WARN_DOCUMENTATION_COMMENTS = YES;
				CLANG_WARN_EMPTY_BODY = YES;
				CLANG_WARN_ENUM_CONVERSION = YES;
				CLANG_WARN_INFINITE_RECURSION = YES;
				CLANG_WARN_INT_CONVERSION = YES;
				CLANG_WARN_OBJC_ROOT_CLASS = YES_ERROR;
				CLANG_WARN_SUSPICIOUS_MOVE = YES;
				CLANG_WARN_UNREACHABLE_CODE = YES;
				CLANG_WARN__DUPLICATE_METHOD_MATCH = YES;
				"CODE_SIGN_IDENTITY[sdk=iphoneos*]" = "iPhone Developer";
				COPY_PHASE_STRIP = NO;
				DEBUG_INFORMATION_FORMAT = "dwarf-with-dsym";
				ENABLE_NS_ASSERTIONS = NO;
				ENABLE_STRICT_OBJC_MSGSEND = YES;
				GCC_C_LANGUAGE_STANDARD = gnu99;
				GCC_NO_COMMON_BLOCKS = YES;
				GCC_WARN_64_TO_32_BIT_CONVERSION = YES;
				GCC_WARN_ABOUT_RETURN_TYPE = YES_ERROR;
				GCC_WARN_UNDECLARED_SELECTOR = YES;
				GCC_WARN_UNINITIALIZED_AUTOS = YES_AGGRESSIVE;
				GCC_WARN_UNUSED_FUNCTION = YES;
				GCC_WARN_UNUSED_VARIABLE = YES;
				IPHONEOS_DEPLOYMENT_TARGET = 10.2;
				MTL_ENABLE_DEBUG_INFO = NO;
				SDKROOT = iphoneos;
				SWIFT_OPTIMIZATION_LEVEL = "-Owholemodule";
				VALIDATE_PRODUCT = YES;
			};
			name = Release;
		};
		8224BF381F22F8C200D147DF /* Debug */ = {
			isa = XCBuildConfiguration;
			buildSettings = {
				ASSETCATALOG_COMPILER_APPICON_NAME = AppIcon;
				DEVELOPMENT_TEAM = TKR2QX32K8;
				INFOPLIST_FILE = "UISearchController-22-07-2017/Info.plist";
				LD_RUNPATH_SEARCH_PATHS = "$(inherited) @executable_path/Frameworks";
				PRODUCT_BUNDLE_IDENTIFIER = "com.hrd.UISearchController-22-07-2017";
				PRODUCT_NAME = "$(TARGET_NAME)";
				SWIFT_VERSION = 3.0;
			};
			name = Debug;
		};
		8224BF391F22F8C200D147DF /* Release */ = {
			isa = XCBuildConfiguration;
			buildSettings = {
				ASSETCATALOG_COMPILER_APPICON_NAME = AppIcon;
				DEVELOPMENT_TEAM = TKR2QX32K8;
				INFOPLIST_FILE = "UISearchController-22-07-2017/Info.plist";
				LD_RUNPATH_SEARCH_PATHS = "$(inherited) @executable_path/Frameworks";
				PRODUCT_BUNDLE_IDENTIFIER = "com.hrd.UISearchController-22-07-2017";
				PRODUCT_NAME = "$(TARGET_NAME)";
				SWIFT_VERSION = 3.0;
			};
			name = Release;
		};
/* End XCBuildConfiguration section */

/* Begin XCConfigurationList section */
		8224BF201F22F8C200D147DF /* Build configuration list for PBXProject "UISearchController-22-07-2017" */ = {
			isa = XCConfigurationList;
			buildConfigurations = (
				8224BF351F22F8C200D147DF /* Debug */,
				8224BF361F22F8C200D147DF /* Release */,
			);
			defaultConfigurationIsVisible = 0;
			defaultConfigurationName = Release;
		};
		8224BF371F22F8C200D147DF /* Build configuration list for PBXNativeTarget "UISearchController-22-07-2017" */ = {
			isa = XCConfigurationList;
			buildConfigurations = (
				8224BF381F22F8C200D147DF /* Debug */,
				8224BF391F22F8C200D147DF /* Release */,
			);
			defaultConfigurationIsVisible = 0;
		};
/* End XCConfigurationList section */
	};
	rootObject = 8224BF1D1F22F8C200D147DF /* Project object */;
}
